{
  "pins" : [
    {
      "identity" : "moq-swift",
      "kind" : "remoteSourceControl",
      "location" : "https://github.com/moq-dev/moq-swift",
      "state" : {
        "revision" : "a626d7bbebeb8e30c91de70e8c50683ce5e897cd",
        "version" : "0.2.15"
      }
    },
    {
      "identity" : "swift-atomics",
      "kind" : "remoteSourceControl",
      "location" : "https://github.com/apple/swift-atomics",
      "state" : {
        "revision" : "b601256eab081c0f92f059e12818ac1d4f178ff7",
        "version" : "1.3.0"
      }
    },
    {
      "identity" : "swift-docc-plugin",
      "kind" : "remoteSourceControl",
      "location" : "https://github.com/swiftlang/swift-docc-plugin",
      "state" : {
        "revision" : "e977f65879f82b375a044c8837597f690c067da6",
        "version" : "1.4.6"
      }
    },
    {
      "identity" : "swift-docc-symbolkit",
      "kind" : "remoteSourceControl",
      "location" : "https://github.com/swiftlang/swift-docc-symbolkit",
      "state" : {
        "revision" : "b45d1f2ed151d057b54504d653e0da5552844e34",
        "version" : "1.0.0"
      }
    }
  ],
  "version" : 2
}
