{
  "originHash" : "b5ecd3b81f7976653085e1220bfc3735b1302483540428f9820697cac897ac99",
  "pins" : [
    {
      "identity" : "moq-kit",
      "kind" : "remoteSourceControl",
      "location" : "https://github.com/software-mansion-labs/moq-kit",
      "state" : {
        "revision" : "15662d95d1040cf7db2a895686aa6d0adc817ce0",
        "version" : "0.0.1-alpha"
      }
    }
  ],
  "version" : 3
}
